
Microsoft Visual Studio Solution File, Format Version 12.00
# Visual Studio Version 17
VisualStudioVersion = 17.7.34221.43
MinimumVisualStudioVersion = 10.0.40219.1
Project("{FAE04EC0-301F-11D3-BF4B-00C04F79EFBC}") = "AppData", "AppData\AppData.csproj", "{90B7B905-74EA-4983-A1E1-76D8C79B9514}"
EndProject
Project("{FAE04EC0-301F-11D3-BF4B-00C04F79EFBC}") = "AppAPI", "AppAPI\AppAPI.csproj", "{EB465044-1065-4CBE-8158-2969A0FD09F2}"
EndProject
Project("{FAE04EC0-301F-11D3-BF4B-00C04F79EFBC}") = "AppView", "AppView\AppView.csproj", "{23B282CF-249D-41AE-AD42-339E0B82B117}"
EndProject
Global
	GlobalSection(SolutionConfigurationPlatforms) = preSolution
		Debug|Any CPU = Debug|Any CPU
		Release|Any CPU = Release|Any CPU
	EndGlobalSection
	GlobalSection(ProjectConfigurationPlatforms) = postSolution
		{90B7B905-74EA-4983-A1E1-76D8C79B9514}.Debug|Any CPU.ActiveCfg = Debug|Any CPU
		{90B7B905-74EA-4983-A1E1-76D8C79B9514}.Debug|Any CPU.Build.0 = Debug|Any CPU
		{90B7B905-74EA-4983-A1E1-76D8C79B9514}.Release|Any CPU.ActiveCfg = Release|Any CPU
		{90B7B905-74EA-4983-A1E1-76D8C79B9514}.Release|Any CPU.Build.0 = Release|Any CPU
		{EB465044-1065-4CBE-8158-2969A0FD09F2}.Debug|Any CPU.ActiveCfg = Debug|Any CPU
		{EB465044-1065-4CBE-8158-2969A0FD09F2}.Debug|Any CPU.Build.0 = Debug|Any CPU
		{EB465044-1065-4CBE-8158-2969A0FD09F2}.Release|Any CPU.ActiveCfg = Release|Any CPU
		{EB465044-1065-4CBE-8158-2969A0FD09F2}.Release|Any CPU.Build.0 = Release|Any CPU
		{23B282CF-249D-41AE-AD42-339E0B82B117}.Debug|Any CPU.ActiveCfg = Debug|Any CPU
		{23B282CF-249D-41AE-AD42-339E0B82B117}.Debug|Any CPU.Build.0 = Debug|Any CPU
		{23B282CF-249D-41AE-AD42-339E0B82B117}.Release|Any CPU.ActiveCfg = Release|Any CPU
		{23B282CF-249D-41AE-AD42-339E0B82B117}.Release|Any CPU.Build.0 = Release|Any CPU
	EndGlobalSection
	GlobalSection(SolutionProperties) = preSolution
		HideSolutionNode = FALSE
	EndGlobalSection
	GlobalSection(ExtensibilityGlobals) = postSolution
		SolutionGuid = {30428FC6-5B59-4404-9555-EBA11CC28ED4}
	EndGlobalSection
EndGlobal
